
Microsoft Visual Studio Solution File, Format Version 12.00
# Visual Studio Version 17
VisualStudioVersion = 17.9.34728.123
MinimumVisualStudioVersion = 10.0.40219.1
Project("{FAE04EC0-301F-11D3-BF4B-00C04F79EFBC}") = "Bangazon_BE", "Bangazon_BE.csproj", "{00481A3A-65E9-4704-B04B-456136C189C7}"
EndProject
Global
	GlobalSection(SolutionConfigurationPlatforms) = preSolution
		Debug|Any CPU = Debug|Any CPU
		Release|Any CPU = Release|Any CPU
	EndGlobalSection
	GlobalSection(ProjectConfigurationPlatforms) = postSolution
		{00481A3A-65E9-4704-B04B-456136C189C7}.Debug|Any CPU.ActiveCfg = Debug|Any CPU
		{00481A3A-65E9-4704-B04B-456136C189C7}.Debug|Any CPU.Build.0 = Debug|Any CPU
		{00481A3A-65E9-4704-B04B-456136C189C7}.Release|Any CPU.ActiveCfg = Release|Any CPU
		{00481A3A-65E9-4704-B04B-456136C189C7}.Release|Any CPU.Build.0 = Release|Any CPU
	EndGlobalSection
	GlobalSection(SolutionProperties) = preSolution
		HideSolutionNode = FALSE
	EndGlobalSection
	GlobalSection(ExtensibilityGlobals) = postSolution
		SolutionGuid = {7D1E9F67-869C-4ABA-A0FD-92A2DC41C3C3}
	EndGlobalSection
EndGlobal
